
Microsoft Visual Studio Solution File, Format Version 12.00
# Visual Studio Version 16
VisualStudioVersion = 16.0.30804.86
MinimumVisualStudioVersion = 10.0.40219.1
Project("{FAE04EC0-301F-11D3-BF4B-00C04F79EFBC}") = "TestProject", "TestProject\TestProject.csproj", "{F1B4315D-497C-4E2D-A26C-BC1A5E161E86}"
EndProject
Project("{2150E333-8FDC-42A3-9474-1A3956D46DE8}") = "Libraries", "Libraries", "{1BF7DEB9-6CBA-4DD5-A5B6-086A7F5CAC29}"
EndProject
Project("{2150E333-8FDC-42A3-9474-1A3956D46DE8}") = "Solution Items", "Solution Items", "{C21211AC-1C38-4041-A839-CCE8407A7EF5}"
	ProjectSection(SolutionItems) = preProject
		readme.md = readme.md
		script.sql = script.sql
	EndProjectSection
EndProject
Project("{2150E333-8FDC-42A3-9474-1A3956D46DE8}") = "Windows Forms", "Windows Forms", "{0B5100FA-A12D-4E96-8FED-A7E59E5D086B}"
EndProject
Project("{FAE04EC0-301F-11D3-BF4B-00C04F79EFBC}") = "SimpleInjectorWindowForm1", "SimpleInjectorWindowForm1\SimpleInjectorWindowForm1.csproj", "{6C905C54-19BA-44B2-A605-1DAE25151B41}"
EndProject
Project("{FAE04EC0-301F-11D3-BF4B-00C04F79EFBC}") = "DataLibrary", "DataLibrary\DataLibrary.csproj", "{68ECA88E-A1C1-4439-AD8E-32BFF8E94562}"
EndProject
Project("{2150E333-8FDC-42A3-9474-1A3956D46DE8}") = "Class projects", "Class projects", "{39DB2D43-E763-442B-8ED7-DB5237092BB5}"
EndProject
Project("{9A19103F-16F7-4668-BE54-9A1E7A4F7556}") = "DataLibraryCore", "DataLibraryCore\DataLibrary\DataLibraryCore.csproj", "{3D53C016-F4FB-4DC4-B5ED-58D4A9EBF857}"
EndProject
Project("{9A19103F-16F7-4668-BE54-9A1E7A4F7556}") = "ConfigurationHelper", "DataLibraryCore\ConfigurationHelper\ConfigurationHelper.csproj", "{2B400E8C-8835-455B-8919-1EA4DA3B60E4}"
EndProject
Project("{2150E333-8FDC-42A3-9474-1A3956D46DE8}") = "Unit test projects", "Unit test projects", "{F4453712-2E7B-44DE-B2FB-B48E4E7C99A3}"
EndProject
Project("{9A19103F-16F7-4668-BE54-9A1E7A4F7556}") = "BaseUnitTestProject", "DataLibraryCore\BaseUnitTestProject\BaseUnitTestProject.csproj", "{7092CAA3-9BAE-4DCE-9F5A-4B07CCA944DC}"
EndProject
Project("{2150E333-8FDC-42A3-9474-1A3956D46DE8}") = "Core 5", "Core 5", "{1F8C520F-762F-4047-B0E3-3B1D8E0568A3}"
EndProject
Project("{2150E333-8FDC-42A3-9474-1A3956D46DE8}") = "Core 2", "Core 2", "{216586AB-3F9F-435D-A77D-6B78AD3A6CCC}"
EndProject
Project("{2150E333-8FDC-42A3-9474-1A3956D46DE8}") = "Core 5", "Core 5", "{ECA08401-856C-4DE4-87AE-A675773D933F}"
EndProject
Project("{2150E333-8FDC-42A3-9474-1A3956D46DE8}") = "Core 2", "Core 2", "{4A26A986-CBE8-49D1-848F-52752D0158D4}"
EndProject
Global
	GlobalSection(SolutionConfigurationPlatforms) = preSolution
		Debug|Any CPU = Debug|Any CPU
		Release|Any CPU = Release|Any CPU
	EndGlobalSection
	GlobalSection(ProjectConfigurationPlatforms) = postSolution
		{F1B4315D-497C-4E2D-A26C-BC1A5E161E86}.Debug|Any CPU.ActiveCfg = Debug|Any CPU
		{F1B4315D-497C-4E2D-A26C-BC1A5E161E86}.Debug|Any CPU.Build.0 = Debug|Any CPU
		{F1B4315D-497C-4E2D-A26C-BC1A5E161E86}.Release|Any CPU.ActiveCfg = Release|Any CPU
		{F1B4315D-497C-4E2D-A26C-BC1A5E161E86}.Release|Any CPU.Build.0 = Release|Any CPU
		{6C905C54-19BA-44B2-A605-1DAE25151B41}.Debug|Any CPU.ActiveCfg = Debug|Any CPU
		{6C905C54-19BA-44B2-A605-1DAE25151B41}.Debug|Any CPU.Build.0 = Debug|Any CPU
		{6C905C54-19BA-44B2-A605-1DAE25151B41}.Release|Any CPU.ActiveCfg = Release|Any CPU
		{6C905C54-19BA-44B2-A605-1DAE25151B41}.Release|Any CPU.Build.0 = Release|Any CPU
		{68ECA88E-A1C1-4439-AD8E-32BFF8E94562}.Debug|Any CPU.ActiveCfg = Debug|Any CPU
		{68ECA88E-A1C1-4439-AD8E-32BFF8E94562}.Debug|Any CPU.Build.0 = Debug|Any CPU
		{68ECA88E-A1C1-4439-AD8E-32BFF8E94562}.Release|Any CPU.ActiveCfg = Release|Any CPU
		{68ECA88E-A1C1-4439-AD8E-32BFF8E94562}.Release|Any CPU.Build.0 = Release|Any CPU
		{3D53C016-F4FB-4DC4-B5ED-58D4A9EBF857}.Debug|Any CPU.ActiveCfg = Debug|Any CPU
		{3D53C016-F4FB-4DC4-B5ED-58D4A9EBF857}.Debug|Any CPU.Build.0 = Debug|Any CPU
		{3D53C016-F4FB-4DC4-B5ED-58D4A9EBF857}.Release|Any CPU.ActiveCfg = Release|Any CPU
		{3D53C016-F4FB-4DC4-B5ED-58D4A9EBF857}.Release|Any CPU.Build.0 = Release|Any CPU
		{2B400E8C-8835-455B-8919-1EA4DA3B60E4}.Debug|Any CPU.ActiveCfg = Debug|Any CPU
		{2B400E8C-8835-455B-8919-1EA4DA3B60E4}.Debug|Any CPU.Build.0 = Debug|Any CPU
		{2B400E8C-8835-455B-8919-1EA4DA3B60E4}.Release|Any CPU.ActiveCfg = Release|Any CPU
		{2B400E8C-8835-455B-8919-1EA4DA3B60E4}.Release|Any CPU.Build.0 = Release|Any CPU
		{7092CAA3-9BAE-4DCE-9F5A-4B07CCA944DC}.Debug|Any CPU.ActiveCfg = Debug|Any CPU
		{7092CAA3-9BAE-4DCE-9F5A-4B07CCA944DC}.Debug|Any CPU.Build.0 = Debug|Any CPU
		{7092CAA3-9BAE-4DCE-9F5A-4B07CCA944DC}.Release|Any CPU.ActiveCfg = Release|Any CPU
		{7092CAA3-9BAE-4DCE-9F5A-4B07CCA944DC}.Release|Any CPU.Build.0 = Release|Any CPU
	EndGlobalSection
	GlobalSection(SolutionProperties) = preSolution
		HideSolutionNode = FALSE
	EndGlobalSection
	GlobalSection(NestedProjects) = preSolution
		{F1B4315D-497C-4E2D-A26C-BC1A5E161E86} = {4A26A986-CBE8-49D1-848F-52752D0158D4}
		{6C905C54-19BA-44B2-A605-1DAE25151B41} = {0B5100FA-A12D-4E96-8FED-A7E59E5D086B}
		{68ECA88E-A1C1-4439-AD8E-32BFF8E94562} = {216586AB-3F9F-435D-A77D-6B78AD3A6CCC}
		{39DB2D43-E763-442B-8ED7-DB5237092BB5} = {1BF7DEB9-6CBA-4DD5-A5B6-086A7F5CAC29}
		{3D53C016-F4FB-4DC4-B5ED-58D4A9EBF857} = {1F8C520F-762F-4047-B0E3-3B1D8E0568A3}
		{2B400E8C-8835-455B-8919-1EA4DA3B60E4} = {1F8C520F-762F-4047-B0E3-3B1D8E0568A3}
		{F4453712-2E7B-44DE-B2FB-B48E4E7C99A3} = {1BF7DEB9-6CBA-4DD5-A5B6-086A7F5CAC29}
		{7092CAA3-9BAE-4DCE-9F5A-4B07CCA944DC} = {ECA08401-856C-4DE4-87AE-A675773D933F}
		{1F8C520F-762F-4047-B0E3-3B1D8E0568A3} = {39DB2D43-E763-442B-8ED7-DB5237092BB5}
		{216586AB-3F9F-435D-A77D-6B78AD3A6CCC} = {39DB2D43-E763-442B-8ED7-DB5237092BB5}
		{ECA08401-856C-4DE4-87AE-A675773D933F} = {F4453712-2E7B-44DE-B2FB-B48E4E7C99A3}
		{4A26A986-CBE8-49D1-848F-52752D0158D4} = {F4453712-2E7B-44DE-B2FB-B48E4E7C99A3}
	EndGlobalSection
	GlobalSection(ExtensibilityGlobals) = postSolution
		SolutionGuid = {EEEF22E4-E573-48EE-A6BA-78C14940BC8C}
	EndGlobalSection
EndGlobal
