
Microsoft Visual Studio Solution File, Format Version 12.00
# Visual Studio 15
VisualStudioVersion = 15.0.28307.757
MinimumVisualStudioVersion = 10.0.40219.1
Project("{FAE04EC0-301F-11D3-BF4B-00C04F79EFBC}") = "DataLibrary", "DataLibrary\DataLibrary.csproj", "{68ECA88E-A1C1-4439-AD8E-32BFF8E94562}"
EndProject
Project("{FAE04EC0-301F-11D3-BF4B-00C04F79EFBC}") = "TestProject", "TestProject\TestProject.csproj", "{F1B4315D-497C-4E2D-A26C-BC1A5E161E86}"
EndProject
Project("{2150E333-8FDC-42A3-9474-1A3956D46DE8}") = "Libraries", "Libraries", "{1BF7DEB9-6CBA-4DD5-A5B6-086A7F5CAC29}"
EndProject
Project("{2150E333-8FDC-42A3-9474-1A3956D46DE8}") = "Testing projects", "Testing projects", "{60623E67-3F39-4A78-B00C-56C8511671BB}"
EndProject
Global
	GlobalSection(SolutionConfigurationPlatforms) = preSolution
		Debug|Any CPU = Debug|Any CPU
		Release|Any CPU = Release|Any CPU
	EndGlobalSection
	GlobalSection(ProjectConfigurationPlatforms) = postSolution
		{68ECA88E-A1C1-4439-AD8E-32BFF8E94562}.Debug|Any CPU.ActiveCfg = Debug|Any CPU
		{68ECA88E-A1C1-4439-AD8E-32BFF8E94562}.Debug|Any CPU.Build.0 = Debug|Any CPU
		{68ECA88E-A1C1-4439-AD8E-32BFF8E94562}.Release|Any CPU.ActiveCfg = Release|Any CPU
		{68ECA88E-A1C1-4439-AD8E-32BFF8E94562}.Release|Any CPU.Build.0 = Release|Any CPU
		{F1B4315D-497C-4E2D-A26C-BC1A5E161E86}.Debug|Any CPU.ActiveCfg = Debug|Any CPU
		{F1B4315D-497C-4E2D-A26C-BC1A5E161E86}.Debug|Any CPU.Build.0 = Debug|Any CPU
		{F1B4315D-497C-4E2D-A26C-BC1A5E161E86}.Release|Any CPU.ActiveCfg = Release|Any CPU
		{F1B4315D-497C-4E2D-A26C-BC1A5E161E86}.Release|Any CPU.Build.0 = Release|Any CPU
	EndGlobalSection
	GlobalSection(SolutionProperties) = preSolution
		HideSolutionNode = FALSE
	EndGlobalSection
	GlobalSection(NestedProjects) = preSolution
		{68ECA88E-A1C1-4439-AD8E-32BFF8E94562} = {1BF7DEB9-6CBA-4DD5-A5B6-086A7F5CAC29}
		{F1B4315D-497C-4E2D-A26C-BC1A5E161E86} = {60623E67-3F39-4A78-B00C-56C8511671BB}
	EndGlobalSection
	GlobalSection(ExtensibilityGlobals) = postSolution
		SolutionGuid = {EEEF22E4-E573-48EE-A6BA-78C14940BC8C}
	EndGlobalSection
EndGlobal
